
Microsoft Visual Studio Solution File, Format Version 12.00
# Visual Studio Version 16
VisualStudioVersion = 16.0.30428.66
MinimumVisualStudioVersion = 10.0.40219.1
Project("{9A19103F-16F7-4668-BE54-9A1E7A4F7556}") = "GrpcService", "GrpcService.csproj", "{DBEBAF9C-847C-44EF-9026-E51F176D8368}"
EndProject
Global
	GlobalSection(SolutionConfigurationPlatforms) = preSolution
		Debug|Any CPU = Debug|Any CPU
		Release|Any CPU = Release|Any CPU
	EndGlobalSection
	GlobalSection(ProjectConfigurationPlatforms) = postSolution
		{DBEBAF9C-847C-44EF-9026-E51F176D8368}.Debug|Any CPU.ActiveCfg = Debug|Any CPU
		{DBEBAF9C-847C-44EF-9026-E51F176D8368}.Debug|Any CPU.Build.0 = Debug|Any CPU
		{DBEBAF9C-847C-44EF-9026-E51F176D8368}.Release|Any CPU.ActiveCfg = Release|Any CPU
		{DBEBAF9C-847C-44EF-9026-E51F176D8368}.Release|Any CPU.Build.0 = Release|Any CPU
	EndGlobalSection
	GlobalSection(SolutionProperties) = preSolution
		HideSolutionNode = FALSE
	EndGlobalSection
	GlobalSection(ExtensibilityGlobals) = postSolution
		SolutionGuid = {3C7035B7-3D6B-45D0-AD4F-4CCAB606A033}
	EndGlobalSection
EndGlobal
